Microsoft Visual Studio Solution File, Format Version 11.00
# Visual Studio 2008

Project("{8788DCA1-16F3-E478-BE25-84D926BE590F}") = "Cityworld", "Assembly-CSharp-firstpass.csproj", "{AE39DA5D-00CC-1B97-BBBB-4879BCC453DB}"
EndProject
Project("{8788DCA1-16F3-E478-BE25-84D926BE590F}") = "Cityworld", "Assembly-CSharp.csproj", "{E8B0E8BC-57ED-046F-7472-509C219DD47A}"
EndProject
Project("{8788DCA1-16F3-E478-BE25-84D926BE590F}") = "Cityworld", "Assembly-CSharp-Editor.csproj", "{7073A131-D0DC-4D5F-A844-72937B20621D}"
EndProject
Global
	GlobalSection(SolutionConfigurationPlatforms) = preSolution
		Debug|Any CPU = Debug|Any CPU
		Release|Any CPU = Release|Any CPU
	EndGlobalSection
	GlobalSection(ProjectConfigurationPlatforms) = postSolution
		{AE39DA5D-00CC-1B97-BBBB-4879BCC453DB}.Debug|Any CPU.ActiveCfg = Debug|Any CPU
		{AE39DA5D-00CC-1B97-BBBB-4879BCC453DB}.Debug|Any CPU.Build.0 = Debug|Any CPU
		{AE39DA5D-00CC-1B97-BBBB-4879BCC453DB}.Release|Any CPU.ActiveCfg = Release|Any CPU
		{AE39DA5D-00CC-1B97-BBBB-4879BCC453DB}.Release|Any CPU.Build.0 = Release|Any CPU
		{E8B0E8BC-57ED-046F-7472-509C219DD47A}.Debug|Any CPU.ActiveCfg = Debug|Any CPU
		{E8B0E8BC-57ED-046F-7472-509C219DD47A}.Debug|Any CPU.Build.0 = Debug|Any CPU
		{E8B0E8BC-57ED-046F-7472-509C219DD47A}.Release|Any CPU.ActiveCfg = Release|Any CPU
		{E8B0E8BC-57ED-046F-7472-509C219DD47A}.Release|Any CPU.Build.0 = Release|Any CPU
		{7073A131-D0DC-4D5F-A844-72937B20621D}.Debug|Any CPU.ActiveCfg = Debug|Any CPU
		{7073A131-D0DC-4D5F-A844-72937B20621D}.Debug|Any CPU.Build.0 = Debug|Any CPU
		{7073A131-D0DC-4D5F-A844-72937B20621D}.Release|Any CPU.ActiveCfg = Release|Any CPU
		{7073A131-D0DC-4D5F-A844-72937B20621D}.Release|Any CPU.Build.0 = Release|Any CPU
	EndGlobalSection
	GlobalSection(SolutionProperties) = preSolution
		HideSolutionNode = FALSE
	EndGlobalSection
	GlobalSection(MonoDevelopProperties) = preSolution
		StartupItem = Assembly-CSharp.csproj
	EndGlobalSection
EndGlobal
