Microsoft Visual Studio Solution File, Format Version 11.00
# Visual Studio 2008

Project("{2FFB93D4-3F53-ED8A-1FAB-1F60424D4686}") = "CityWorld", "Assembly-CSharp-firstpass.csproj", "{24EBC782-E15B-B6A9-EE4D-4D45D529558B}"
EndProject
Project("{2FFB93D4-3F53-ED8A-1FAB-1F60424D4686}") = "CityWorld", "Assembly-CSharp.csproj", "{E1E607C5-F949-D0D1-A89E-D4A35EABFE92}"
EndProject
Project("{2FFB93D4-3F53-ED8A-1FAB-1F60424D4686}") = "CityWorld", "Assembly-CSharp-Editor.csproj", "{E12632ED-1DD8-763E-22ED-27650ADCEEE1}"
EndProject
Global
	GlobalSection(SolutionConfigurationPlatforms) = preSolution
		Debug|Any CPU = Debug|Any CPU
		Release|Any CPU = Release|Any CPU
	EndGlobalSection
	GlobalSection(ProjectConfigurationPlatforms) = postSolution
		{24EBC782-E15B-B6A9-EE4D-4D45D529558B}.Debug|Any CPU.ActiveCfg = Debug|Any CPU
		{24EBC782-E15B-B6A9-EE4D-4D45D529558B}.Debug|Any CPU.Build.0 = Debug|Any CPU
		{24EBC782-E15B-B6A9-EE4D-4D45D529558B}.Release|Any CPU.ActiveCfg = Release|Any CPU
		{24EBC782-E15B-B6A9-EE4D-4D45D529558B}.Release|Any CPU.Build.0 = Release|Any CPU
		{E1E607C5-F949-D0D1-A89E-D4A35EABFE92}.Debug|Any CPU.ActiveCfg = Debug|Any CPU
		{E1E607C5-F949-D0D1-A89E-D4A35EABFE92}.Debug|Any CPU.Build.0 = Debug|Any CPU
		{E1E607C5-F949-D0D1-A89E-D4A35EABFE92}.Release|Any CPU.ActiveCfg = Release|Any CPU
		{E1E607C5-F949-D0D1-A89E-D4A35EABFE92}.Release|Any CPU.Build.0 = Release|Any CPU
		{E12632ED-1DD8-763E-22ED-27650ADCEEE1}.Debug|Any CPU.ActiveCfg = Debug|Any CPU
		{E12632ED-1DD8-763E-22ED-27650ADCEEE1}.Debug|Any CPU.Build.0 = Debug|Any CPU
		{E12632ED-1DD8-763E-22ED-27650ADCEEE1}.Release|Any CPU.ActiveCfg = Release|Any CPU
		{E12632ED-1DD8-763E-22ED-27650ADCEEE1}.Release|Any CPU.Build.0 = Release|Any CPU
	EndGlobalSection
	GlobalSection(SolutionProperties) = preSolution
		HideSolutionNode = FALSE
	EndGlobalSection
	GlobalSection(MonoDevelopProperties) = preSolution
		StartupItem = Assembly-CSharp.csproj
	EndGlobalSection
EndGlobal
